
Microsoft Visual Studio Solution File, Format Version 12.00
# Visual Studio Version 16
VisualStudioVersion = 16.0.29806.167
MinimumVisualStudioVersion = 10.0.40219.1
Project("{FAE04EC0-301F-11D3-BF4B-00C04F79EFBC}") = "Restaurant", "Restaurant\Restaurant.csproj", "{B9FA0B73-D53F-46C9-8B2D-161D4DFD37FB}"
EndProject
Project("{2150E333-8FDC-42A3-9474-1A3956D46DE8}") = "Solution Items", "Solution Items", "{2EC3F215-A017-4A18-A763-9C74571476F0}"
	ProjectSection(SolutionItems) = preProject
		.editorconfig = .editorconfig
	EndProjectSection
EndProject
Global
	GlobalSection(SolutionConfigurationPlatforms) = preSolution
		Debug|Any CPU = Debug|Any CPU
		Release|Any CPU = Release|Any CPU
	EndGlobalSection
	GlobalSection(ProjectConfigurationPlatforms) = postSolution
		{B9FA0B73-D53F-46C9-8B2D-161D4DFD37FB}.Debug|Any CPU.ActiveCfg = Debug|Any CPU
		{B9FA0B73-D53F-46C9-8B2D-161D4DFD37FB}.Debug|Any CPU.Build.0 = Debug|Any CPU
		{B9FA0B73-D53F-46C9-8B2D-161D4DFD37FB}.Release|Any CPU.ActiveCfg = Release|Any CPU
		{B9FA0B73-D53F-46C9-8B2D-161D4DFD37FB}.Release|Any CPU.Build.0 = Release|Any CPU
	EndGlobalSection
	GlobalSection(SolutionProperties) = preSolution
		HideSolutionNode = FALSE
	EndGlobalSection
	GlobalSection(ExtensibilityGlobals) = postSolution
		SolutionGuid = {B057308A-038D-4702-92E3-AC4EA609A281}
	EndGlobalSection
EndGlobal
